[root]
name = "orbutils"
version = "0.1.10"
dependencies = [
 "html5ever 0.10.0 (registry+https://github.com/rust-lang/crates.io-index)",
 "html5ever-atoms 0.1.1 (registry+https://github.com/rust-lang/crates.io-index)",
 "libc 0.2.17 (registry+https://github.com/rust-lang/crates.io-index)",
 "orbclient 0.1.20 (registry+https://github.com/rust-lang/crates.io-index)",
 "orbfont 0.1.2 (registry+https://github.com/rust-lang/crates.io-index)",
 "orbimage 0.1.5 (registry+https://github.com/rust-lang/crates.io-index)",
 "orbtk 0.1.6 (registry+https://github.com/rust-lang/crates.io-index)",
 "ransid 0.2.0 (registry+https://github.com/rust-lang/crates.io-index)",
 "redox_syscall 0.1.0 (git+https://github.com/redox-os/syscall.git)",
 "tendril 0.2.3 (registry+https://github.com/rust-lang/crates.io-index)",
 "url 1.2.3 (git+https://github.com/redox-os/rust-url?branch=redox)",
 "userutils 0.1.0 (git+https://github.com/redox-os/userutils.git)",
]

[[package]]
name = "argon2rs"
version = "0.2.5"
source = "git+https://github.com/redox-os/argon2rs.git#b0fff3d712673a85a71bd552a1aeffa6de22a20c"
dependencies = [
 "blake2-rfc 0.2.17 (registry+https://github.com/rust-lang/crates.io-index)",
]

[[package]]
name = "arrayvec"
version = "0.3.20"
source = "registry+https://github.com/rust-lang/crates.io-index"
dependencies = [
 "nodrop 0.1.8 (registry+https://github.com/rust-lang/crates.io-index)",
 "odds 0.2.24 (registry+https://github.com/rust-lang/crates.io-index)",
]

[[package]]
name = "bitflags"
version = "0.3.3"
source = "registry+https://github.com/rust-lang/crates.io-index"

[[package]]
name = "bitflags"
version = "0.7.0"
source = "registry+https://github.com/rust-lang/crates.io-index"

[[package]]
name = "blake2-rfc"
version = "0.2.17"
source = "registry+https://github.com/rust-lang/crates.io-index"
dependencies = [
 "constant_time_eq 0.1.2 (registry+https://github.com/rust-lang/crates.io-index)",
]

[[package]]
name = "byteorder"
version = "0.4.2"
source = "registry+https://github.com/rust-lang/crates.io-index"

[[package]]
name = "constant_time_eq"
version = "0.1.2"
source = "registry+https://github.com/rust-lang/crates.io-index"

[[package]]
name = "debug_unreachable"
version = "0.1.1"
source = "registry+https://github.com/rust-lang/crates.io-index"
dependencies = [
 "unreachable 0.1.1 (registry+https://github.com/rust-lang/crates.io-index)",
]

[[package]]
name = "encoding"
version = "0.2.33"
source = "registry+https://github.com/rust-lang/crates.io-index"
dependencies = [
 "encoding-index-japanese 1.20141219.5 (registry+https://github.com/rust-lang/crates.io-index)",
 "encoding-index-korean 1.20141219.5 (registry+https://github.com/rust-lang/crates.io-index)",
 "encoding-index-simpchinese 1.20141219.5 (registry+https://github.com/rust-lang/crates.io-index)",
 "encoding-index-singlebyte 1.20141219.5 (registry+https://github.com/rust-lang/crates.io-index)",
 "encoding-index-tradchinese 1.20141219.5 (registry+https://github.com/rust-lang/crates.io-index)",
]

[[package]]
name = "encoding-index-japanese"
version = "1.20141219.5"
source = "registry+https://github.com/rust-lang/crates.io-index"
dependencies = [
 "encoding_index_tests 0.1.4 (registry+https://github.com/rust-lang/crates.io-index)",
]

[[package]]
name = "encoding-index-korean"
version = "1.20141219.5"
source = "registry+https://github.com/rust-lang/crates.io-index"
dependencies = [
 "encoding_index_tests 0.1.4 (registry+https://github.com/rust-lang/crates.io-index)",
]

[[package]]
name = "encoding-index-simpchinese"
version = "1.20141219.5"
source = "registry+https://github.com/rust-lang/crates.io-index"
dependencies = [
 "encoding_index_tests 0.1.4 (registry+https://github.com/rust-lang/crates.io-index)",
]

[[package]]
name = "encoding-index-singlebyte"
version = "1.20141219.5"
source = "registry+https://github.com/rust-lang/crates.io-index"
dependencies = [
 "encoding_index_tests 0.1.4 (registry+https://github.com/rust-lang/crates.io-index)",
]

[[package]]
name = "encoding-index-tradchinese"
version = "1.20141219.5"
source = "registry+https://github.com/rust-lang/crates.io-index"
dependencies = [
 "encoding_index_tests 0.1.4 (registry+https://github.com/rust-lang/crates.io-index)",
]

[[package]]
name = "encoding_index_tests"
version = "0.1.4"
source = "registry+https://github.com/rust-lang/crates.io-index"

[[package]]
name = "futf"
version = "0.1.2"
source = "registry+https://github.com/rust-lang/crates.io-index"
dependencies = [
 "debug_unreachable 0.1.1 (registry+https://github.com/rust-lang/crates.io-index)",
 "mac 0.0.2 (registry+https://github.com/rust-lang/crates.io-index)",
]

[[package]]
name = "html5ever"
version = "0.10.0"
source = "registry+https://github.com/rust-lang/crates.io-index"
dependencies = [
 "html5ever-atoms 0.1.1 (registry+https://github.com/rust-lang/crates.io-index)",
 "log 0.3.6 (registry+https://github.com/rust-lang/crates.io-index)",
 "mac 0.0.2 (registry+https://github.com/rust-lang/crates.io-index)",
 "phf 0.7.19 (registry+https://github.com/rust-lang/crates.io-index)",
 "phf_codegen 0.7.19 (registry+https://github.com/rust-lang/crates.io-index)",
 "quote 0.3.5 (registry+https://github.com/rust-lang/crates.io-index)",
 "rustc-serialize 0.3.20 (registry+https://github.com/rust-lang/crates.io-index)",
 "syn 0.9.2 (registry+https://github.com/rust-lang/crates.io-index)",
 "tendril 0.2.3 (registry+https://github.com/rust-lang/crates.io-index)",
]

[[package]]
name = "html5ever-atoms"
version = "0.1.1"
source = "registry+https://github.com/rust-lang/crates.io-index"
dependencies = [
 "string_cache 0.3.0 (registry+https://github.com/rust-lang/crates.io-index)",
 "string_cache_codegen 0.3.1 (registry+https://github.com/rust-lang/crates.io-index)",
]

[[package]]
name = "idna"
version = "0.1.0"
source = "git+https://github.com/redox-os/rust-url?branch=redox#0cf4805c393749b9990e5c88e84bd70e4b8c216f"
dependencies = [
 "matches 0.1.4 (registry+https://github.com/rust-lang/crates.io-index)",
 "unicode-bidi 0.2.3 (registry+https://github.com/rust-lang/crates.io-index)",
 "unicode-normalization 0.1.2 (registry+https://github.com/rust-lang/crates.io-index)",
]

[[package]]
name = "inflate"
version = "0.1.1"
source = "registry+https://github.com/rust-lang/crates.io-index"

[[package]]
name = "lazy_static"
version = "0.2.1"
source = "registry+https://github.com/rust-lang/crates.io-index"

[[package]]
name = "libc"
version = "0.1.12"
source = "registry+https://github.com/rust-lang/crates.io-index"

[[package]]
name = "libc"
version = "0.2.17"
source = "git+https://github.com/rust-lang/libc.git#9195462a49857ac4a22293f00cee6c79443c7272"

[[package]]
name = "libc"
version = "0.2.17"
source = "registry+https://github.com/rust-lang/crates.io-index"
replace = "libc 0.2.17 (git+https://github.com/rust-lang/libc.git)"

[[package]]
name = "linked-hash-map"
version = "0.0.10"
source = "registry+https://github.com/rust-lang/crates.io-index"

[[package]]
name = "log"
version = "0.3.6"
source = "registry+https://github.com/rust-lang/crates.io-index"

[[package]]
name = "mac"
version = "0.0.2"
source = "registry+https://github.com/rust-lang/crates.io-index"

[[package]]
name = "matches"
version = "0.1.4"
source = "registry+https://github.com/rust-lang/crates.io-index"

[[package]]
name = "nodrop"
version = "0.1.8"
source = "registry+https://github.com/rust-lang/crates.io-index"
dependencies = [
 "odds 0.2.24 (registry+https://github.com/rust-lang/crates.io-index)",
]

[[package]]
name = "num"
version = "0.1.36"
source = "registry+https://github.com/rust-lang/crates.io-index"
dependencies = [
 "num-bigint 0.1.35 (registry+https://github.com/rust-lang/crates.io-index)",
 "num-complex 0.1.35 (registry+https://github.com/rust-lang/crates.io-index)",
 "num-integer 0.1.32 (registry+https://github.com/rust-lang/crates.io-index)",
 "num-iter 0.1.32 (registry+https://github.com/rust-lang/crates.io-index)",
 "num-rational 0.1.35 (registry+https://github.com/rust-lang/crates.io-index)",
 "num-traits 0.1.36 (registry+https://github.com/rust-lang/crates.io-index)",
]

[[package]]
name = "num-bigint"
version = "0.1.35"
source = "registry+https://github.com/rust-lang/crates.io-index"
dependencies = [
 "num-integer 0.1.32 (registry+https://github.com/rust-lang/crates.io-index)",
 "num-traits 0.1.36 (registry+https://github.com/rust-lang/crates.io-index)",
 "rand 0.3.14 (registry+https://github.com/rust-lang/crates.io-index)",
 "rustc-serialize 0.3.20 (registry+https://github.com/rust-lang/crates.io-index)",
]

[[package]]
name = "num-complex"
version = "0.1.35"
source = "registry+https://github.com/rust-lang/crates.io-index"
dependencies = [
 "num-traits 0.1.36 (registry+https://github.com/rust-lang/crates.io-index)",
 "rustc-serialize 0.3.20 (registry+https://github.com/rust-lang/crates.io-index)",
]

[[package]]
name = "num-integer"
version = "0.1.32"
source = "registry+https://github.com/rust-lang/crates.io-index"
dependencies = [
 "num-traits 0.1.36 (registry+https://github.com/rust-lang/crates.io-index)",
]

[[package]]
name = "num-iter"
version = "0.1.32"
source = "registry+https://github.com/rust-lang/crates.io-index"
dependencies = [
 "num-integer 0.1.32 (registry+https://github.com/rust-lang/crates.io-index)",
 "num-traits 0.1.36 (registry+https://github.com/rust-lang/crates.io-index)",
]

[[package]]
name = "num-rational"
version = "0.1.35"
source = "registry+https://github.com/rust-lang/crates.io-index"
dependencies = [
 "num-bigint 0.1.35 (registry+https://github.com/rust-lang/crates.io-index)",
 "num-integer 0.1.32 (registry+https://github.com/rust-lang/crates.io-index)",
 "num-traits 0.1.36 (registry+https://github.com/rust-lang/crates.io-index)",
 "rustc-serialize 0.3.20 (registry+https://github.com/rust-lang/crates.io-index)",
]

[[package]]
name = "num-traits"
version = "0.1.36"
source = "registry+https://github.com/rust-lang/crates.io-index"

[[package]]
name = "odds"
version = "0.2.24"
source = "registry+https://github.com/rust-lang/crates.io-index"

[[package]]
name = "orbclient"
version = "0.1.20"
source = "registry+https://github.com/rust-lang/crates.io-index"
dependencies = [
 "redox_syscall 0.1.0 (registry+https://github.com/rust-lang/crates.io-index)",
 "sdl2 0.9.1 (registry+https://github.com/rust-lang/crates.io-index)",
]

[[package]]
name = "orbfont"
version = "0.1.2"
source = "registry+https://github.com/rust-lang/crates.io-index"
dependencies = [
 "orbclient 0.1.20 (registry+https://github.com/rust-lang/crates.io-index)",
 "rusttype 0.2.1 (registry+https://github.com/rust-lang/crates.io-index)",
]

[[package]]
name = "orbimage"
version = "0.1.5"
source = "registry+https://github.com/rust-lang/crates.io-index"
dependencies = [
 "orbclient 0.1.20 (registry+https://github.com/rust-lang/crates.io-index)",
 "png 0.5.2 (registry+https://github.com/rust-lang/crates.io-index)",
]

[[package]]
name = "orbtk"
version = "0.1.6"
source = "registry+https://github.com/rust-lang/crates.io-index"
dependencies = [
 "orbclient 0.1.20 (registry+https://github.com/rust-lang/crates.io-index)",
 "orbfont 0.1.2 (registry+https://github.com/rust-lang/crates.io-index)",
 "orbimage 0.1.5 (registry+https://github.com/rust-lang/crates.io-index)",
]

[[package]]
name = "phf"
version = "0.7.19"
source = "registry+https://github.com/rust-lang/crates.io-index"
dependencies = [
 "phf_shared 0.7.19 (registry+https://github.com/rust-lang/crates.io-index)",
]

[[package]]
name = "phf_codegen"
version = "0.7.19"
source = "registry+https://github.com/rust-lang/crates.io-index"
dependencies = [
 "phf_generator 0.7.19 (registry+https://github.com/rust-lang/crates.io-index)",
 "phf_shared 0.7.19 (registry+https://github.com/rust-lang/crates.io-index)",
]

[[package]]
name = "phf_generator"
version = "0.7.19"
source = "registry+https://github.com/rust-lang/crates.io-index"
dependencies = [
 "phf_shared 0.7.19 (registry+https://github.com/rust-lang/crates.io-index)",
 "rand 0.3.14 (registry+https://github.com/rust-lang/crates.io-index)",
]

[[package]]
name = "phf_shared"
version = "0.7.19"
source = "registry+https://github.com/rust-lang/crates.io-index"

[[package]]
name = "png"
version = "0.5.2"
source = "registry+https://github.com/rust-lang/crates.io-index"
dependencies = [
 "bitflags 0.7.0 (registry+https://github.com/rust-lang/crates.io-index)",
 "inflate 0.1.1 (registry+https://github.com/rust-lang/crates.io-index)",
 "num-iter 0.1.32 (registry+https://github.com/rust-lang/crates.io-index)",
]

[[package]]
name = "quote"
version = "0.3.5"
source = "registry+https://github.com/rust-lang/crates.io-index"

[[package]]
name = "rand"
version = "0.3.14"
source = "git+https://github.com/rust-lang-nursery/rand.git#71cba26d4c69eb57b9a10a5917e2fffd49de0b92"
dependencies = [
 "libc 0.2.17 (registry+https://github.com/rust-lang/crates.io-index)",
]

[[package]]
name = "rand"
version = "0.3.14"
source = "registry+https://github.com/rust-lang/crates.io-index"
replace = "rand 0.3.14 (git+https://github.com/rust-lang-nursery/rand.git)"

[[package]]
name = "ransid"
version = "0.2.0"
source = "registry+https://github.com/rust-lang/crates.io-index"

[[package]]
name = "redox_syscall"
version = "0.1.0"
source = "git+https://github.com/redox-os/syscall.git#2d238fada7e11972693f9e767dfda571e7afe66d"

[[package]]
name = "redox_syscall"
version = "0.1.0"
source = "registry+https://github.com/rust-lang/crates.io-index"

[[package]]
name = "rustc-serialize"
version = "0.3.20"
source = "registry+https://github.com/rust-lang/crates.io-index"

[[package]]
name = "rusttype"
version = "0.2.1"
source = "registry+https://github.com/rust-lang/crates.io-index"
dependencies = [
 "arrayvec 0.3.20 (registry+https://github.com/rust-lang/crates.io-index)",
 "linked-hash-map 0.0.10 (registry+https://github.com/rust-lang/crates.io-index)",
 "stb_truetype 0.2.0 (registry+https://github.com/rust-lang/crates.io-index)",
]

[[package]]
name = "sdl2"
version = "0.9.1"
source = "registry+https://github.com/rust-lang/crates.io-index"
dependencies = [
 "bitflags 0.3.3 (registry+https://github.com/rust-lang/crates.io-index)",
 "libc 0.1.12 (registry+https://github.com/rust-lang/crates.io-index)",
 "num 0.1.36 (registry+https://github.com/rust-lang/crates.io-index)",
 "rand 0.3.14 (registry+https://github.com/rust-lang/crates.io-index)",
 "sdl2-sys 0.6.2 (registry+https://github.com/rust-lang/crates.io-index)",
]

[[package]]
name = "sdl2-sys"
version = "0.6.2"
source = "registry+https://github.com/rust-lang/crates.io-index"
dependencies = [
 "libc 0.1.12 (registry+https://github.com/rust-lang/crates.io-index)",
 "num 0.1.36 (registry+https://github.com/rust-lang/crates.io-index)",
]

[[package]]
name = "serde"
version = "0.8.17"
source = "registry+https://github.com/rust-lang/crates.io-index"

[[package]]
name = "stb_truetype"
version = "0.2.0"
source = "registry+https://github.com/rust-lang/crates.io-index"
dependencies = [
 "byteorder 0.4.2 (registry+https://github.com/rust-lang/crates.io-index)",
]

[[package]]
name = "string_cache"
version = "0.3.0"
source = "registry+https://github.com/rust-lang/crates.io-index"
dependencies = [
 "debug_unreachable 0.1.1 (registry+https://github.com/rust-lang/crates.io-index)",
 "lazy_static 0.2.1 (registry+https://github.com/rust-lang/crates.io-index)",
 "phf_shared 0.7.19 (registry+https://github.com/rust-lang/crates.io-index)",
 "serde 0.8.17 (registry+https://github.com/rust-lang/crates.io-index)",
 "string_cache_codegen 0.3.1 (registry+https://github.com/rust-lang/crates.io-index)",
 "string_cache_shared 0.3.0 (registry+https://github.com/rust-lang/crates.io-index)",
]

[[package]]
name = "string_cache_codegen"
version = "0.3.1"
source = "registry+https://github.com/rust-lang/crates.io-index"
dependencies = [
 "phf_generator 0.7.19 (registry+https://github.com/rust-lang/crates.io-index)",
 "string_cache_shared 0.3.0 (registry+https://github.com/rust-lang/crates.io-index)",
]

[[package]]
name = "string_cache_shared"
version = "0.3.0"
source = "registry+https://github.com/rust-lang/crates.io-index"

[[package]]
name = "syn"
version = "0.9.2"
source = "registry+https://github.com/rust-lang/crates.io-index"
dependencies = [
 "quote 0.3.5 (registry+https://github.com/rust-lang/crates.io-index)",
 "unicode-xid 0.0.3 (registry+https://github.com/rust-lang/crates.io-index)",
]

[[package]]
name = "tendril"
version = "0.2.3"
source = "registry+https://github.com/rust-lang/crates.io-index"
dependencies = [
 "encoding 0.2.33 (registry+https://github.com/rust-lang/crates.io-index)",
 "futf 0.1.2 (registry+https://github.com/rust-lang/crates.io-index)",
 "mac 0.0.2 (registry+https://github.com/rust-lang/crates.io-index)",
 "utf-8 0.6.0 (registry+https://github.com/rust-lang/crates.io-index)",
]

[[package]]
name = "termion"
version = "1.1.3"
source = "registry+https://github.com/rust-lang/crates.io-index"
dependencies = [
 "libc 0.2.17 (registry+https://github.com/rust-lang/crates.io-index)",
]

[[package]]
name = "unicode-bidi"
version = "0.2.3"
source = "registry+https://github.com/rust-lang/crates.io-index"
dependencies = [
 "matches 0.1.4 (registry+https://github.com/rust-lang/crates.io-index)",
]

[[package]]
name = "unicode-normalization"
version = "0.1.2"
source = "registry+https://github.com/rust-lang/crates.io-index"

[[package]]
name = "unicode-xid"
version = "0.0.3"
source = "registry+https://github.com/rust-lang/crates.io-index"

[[package]]
name = "unreachable"
version = "0.1.1"
source = "registry+https://github.com/rust-lang/crates.io-index"
dependencies = [
 "void 1.0.2 (registry+https://github.com/rust-lang/crates.io-index)",
]

[[package]]
name = "url"
version = "1.2.3"
source = "git+https://github.com/redox-os/rust-url?branch=redox#0cf4805c393749b9990e5c88e84bd70e4b8c216f"
dependencies = [
 "idna 0.1.0 (git+https://github.com/redox-os/rust-url?branch=redox)",
 "matches 0.1.4 (registry+https://github.com/rust-lang/crates.io-index)",
]

[[package]]
name = "userutils"
version = "0.1.0"
source = "git+https://github.com/redox-os/userutils.git#69a21ddd1fcad95ea0e04a0bdde90d326e54fb92"
dependencies = [
 "argon2rs 0.2.5 (git+https://github.com/redox-os/argon2rs.git)",
 "rand 0.3.14 (git+https://github.com/rust-lang-nursery/rand.git)",
 "redox_syscall 0.1.0 (git+https://github.com/redox-os/syscall.git)",
 "termion 1.1.3 (registry+https://github.com/rust-lang/crates.io-index)",
]

[[package]]
name = "utf-8"
version = "0.6.0"
source = "registry+https://github.com/rust-lang/crates.io-index"
dependencies = [
 "matches 0.1.4 (registry+https://github.com/rust-lang/crates.io-index)",
]

[[package]]
name = "void"
version = "1.0.2"
source = "registry+https://github.com/rust-lang/crates.io-index"

[metadata]
"checksum argon2rs 0.2.5 (git+https://github.com/redox-os/argon2rs.git)" = "<none>"
"checksum arrayvec 0.3.20 (registry+https://github.com/rust-lang/crates.io-index)" = "d89f1b0e242270b5b797778af0c8d182a1a2ccac5d8d6fadf414223cc0fab096"
"checksum bitflags 0.3.3 (registry+https://github.com/rust-lang/crates.io-index)" = "32866f4d103c4e438b1db1158aa1b1a80ee078e5d77a59a2f906fd62a577389c"
"checksum bitflags 0.7.0 (registry+https://github.com/rust-lang/crates.io-index)" = "aad18937a628ec6abcd26d1489012cc0e18c21798210f491af69ded9b881106d"
"checksum blake2-rfc 0.2.17 (registry+https://github.com/rust-lang/crates.io-index)" = "0c6a476f32fef3402f1161f89d0d39822809627754a126f8441ff2a9d45e2d59"
"checksum byteorder 0.4.2 (registry+https://github.com/rust-lang/crates.io-index)" = "96c8b41881888cc08af32d47ac4edd52bc7fa27fef774be47a92443756451304"
"checksum constant_time_eq 0.1.2 (registry+https://github.com/rust-lang/crates.io-index)" = "07dcb7959f0f6f1cf662f9a7ff389bcb919924d99ac41cf31f10d611d8721323"
"checksum debug_unreachable 0.1.1 (registry+https://github.com/rust-lang/crates.io-index)" = "9a032eac705ca39214d169f83e3d3da290af06d8d1d344d1baad2fd002dca4b3"
"checksum encoding 0.2.33 (registry+https://github.com/rust-lang/crates.io-index)" = "6b0d943856b990d12d3b55b359144ff341533e516d94098b1d3fc1ac666d36ec"
"checksum encoding-index-japanese 1.20141219.5 (registry+https://github.com/rust-lang/crates.io-index)" = "04e8b2ff42e9a05335dbf8b5c6f7567e5591d0d916ccef4e0b1710d32a0d0c91"
"checksum encoding-index-korean 1.20141219.5 (registry+https://github.com/rust-lang/crates.io-index)" = "4dc33fb8e6bcba213fe2f14275f0963fd16f0a02c878e3095ecfdf5bee529d81"
"checksum encoding-index-simpchinese 1.20141219.5 (registry+https://github.com/rust-lang/crates.io-index)" = "d87a7194909b9118fc707194baa434a4e3b0fb6a5a757c73c3adb07aa25031f7"
"checksum encoding-index-singlebyte 1.20141219.5 (registry+https://github.com/rust-lang/crates.io-index)" = "3351d5acffb224af9ca265f435b859c7c01537c0849754d3db3fdf2bfe2ae84a"
"checksum encoding-index-tradchinese 1.20141219.5 (registry+https://github.com/rust-lang/crates.io-index)" = "fd0e20d5688ce3cab59eb3ef3a2083a5c77bf496cb798dc6fcdb75f323890c18"
"checksum encoding_index_tests 0.1.4 (registry+https://github.com/rust-lang/crates.io-index)" = "a246d82be1c9d791c5dfde9a2bd045fc3cbba3fa2b11ad558f27d01712f00569"
"checksum futf 0.1.2 (registry+https://github.com/rust-lang/crates.io-index)" = "e7a9689380a2553b51c564b3d9178075c68ebd0b397972c783acfd28b46c28ad"
"checksum html5ever 0.10.0 (registry+https://github.com/rust-lang/crates.io-index)" = "7f8b7dd0ad2b3813f090b4f6ff8799debef84bca012c1af9e854f20d9ae19ea7"
"checksum html5ever-atoms 0.1.1 (registry+https://github.com/rust-lang/crates.io-index)" = "daefa106438c66af58309c84842b5db1df2733fe35849f39adde6fdf63583d40"
"checksum idna 0.1.0 (git+https://github.com/redox-os/rust-url?branch=redox)" = "<none>"
"checksum inflate 0.1.1 (registry+https://github.com/rust-lang/crates.io-index)" = "e7e0062d2dc2f17d2f13750d95316ae8a2ff909af0fda957084f5defd87c43bb"
"checksum lazy_static 0.2.1 (registry+https://github.com/rust-lang/crates.io-index)" = "49247ec2a285bb3dcb23cbd9c35193c025e7251bfce77c1d5da97e6362dffe7f"
"checksum libc 0.1.12 (registry+https://github.com/rust-lang/crates.io-index)" = "e32a70cf75e5846d53a673923498228bbec6a8624708a9ea5645f075d6276122"
"checksum libc 0.2.17 (git+https://github.com/rust-lang/libc.git)" = "<none>"
"checksum libc 0.2.17 (registry+https://github.com/rust-lang/crates.io-index)" = "044d1360593a78f5c8e5e710beccdc24ab71d1f01bc19a29bcacdba22e8475d8"
"checksum linked-hash-map 0.0.10 (registry+https://github.com/rust-lang/crates.io-index)" = "f26e961e0c884309cd527b1402a5409d35db612b36915d755e1a4f5c1547a31c"
"checksum log 0.3.6 (registry+https://github.com/rust-lang/crates.io-index)" = "ab83497bf8bf4ed2a74259c1c802351fcd67a65baa86394b6ba73c36f4838054"
"checksum mac 0.0.2 (registry+https://github.com/rust-lang/crates.io-index)" = "1b1db08c0d0ddbb591e65f1da58d1cefccc94a2faa0c55bf979ce215a3e04d5e"
"checksum matches 0.1.4 (registry+https://github.com/rust-lang/crates.io-index)" = "efd7622e3022e1a6eaa602c4cea8912254e5582c9c692e9167714182244801b1"
"checksum nodrop 0.1.8 (registry+https://github.com/rust-lang/crates.io-index)" = "0dbbadd3f4c98dea0bd3d9b4be4c0cdaf1ab57035cb2e41fce3983db5add7cc5"
"checksum num 0.1.36 (registry+https://github.com/rust-lang/crates.io-index)" = "bde7c03b09e7c6a301ee81f6ddf66d7a28ec305699e3d3b056d2fc56470e3120"
"checksum num-bigint 0.1.35 (registry+https://github.com/rust-lang/crates.io-index)" = "88b14378471f7c2adc5262f05b4701ef53e8da376453a8d8fee48e51db745e49"
"checksum num-complex 0.1.35 (registry+https://github.com/rust-lang/crates.io-index)" = "f0c78e054dd19c3fd03419ade63fa661e9c49bb890ce3beb4eee5b7baf93f92f"
"checksum num-integer 0.1.32 (registry+https://github.com/rust-lang/crates.io-index)" = "fb24d9bfb3f222010df27995441ded1e954f8f69cd35021f6bef02ca9552fb92"
"checksum num-iter 0.1.32 (registry+https://github.com/rust-lang/crates.io-index)" = "287a1c9969a847055e1122ec0ea7a5c5d6f72aad97934e131c83d5c08ab4e45c"
"checksum num-rational 0.1.35 (registry+https://github.com/rust-lang/crates.io-index)" = "54ff603b8334a72fbb27fe66948aac0abaaa40231b3cecd189e76162f6f38aaf"
"checksum num-traits 0.1.36 (registry+https://github.com/rust-lang/crates.io-index)" = "a16a42856a256b39c6d3484f097f6713e14feacd9bfb02290917904fae46c81c"
"checksum odds 0.2.24 (registry+https://github.com/rust-lang/crates.io-index)" = "97b2d7c12734955740d14f7a6723d8dd8ed53cf16770ab38ca6a1aaf3124fc0d"
"checksum orbclient 0.1.20 (registry+https://github.com/rust-lang/crates.io-index)" = "02b1e91e98661890faa3ac8643fc10c8109dfe21f841211e4d8a88300c8c3b8f"
"checksum orbfont 0.1.2 (registry+https://github.com/rust-lang/crates.io-index)" = "3b5d8c0fa6c5cd5252283e25241dc242f57d0d89d694a3e4467a716575f6076b"
"checksum orbimage 0.1.5 (registry+https://github.com/rust-lang/crates.io-index)" = "f8b73300aebd8a993fa662e851b356217104b0c4e678619173536ba2553f517e"
"checksum orbtk 0.1.6 (registry+https://github.com/rust-lang/crates.io-index)" = "8b53cce6c7c9bd80e512e01ee45d44bd0bc08d3b8fdcba4b261e20bc05c85ddd"
"checksum phf 0.7.19 (registry+https://github.com/rust-lang/crates.io-index)" = "95cb41511b13e592110b5c8323c1d489513b6db919148f909b8b804be73a74b5"
"checksum phf_codegen 0.7.19 (registry+https://github.com/rust-lang/crates.io-index)" = "8b74506ea0ea5f6adbef815c1e964daa2d395e7c29b7196d390a67a31fa2a020"
"checksum phf_generator 0.7.19 (registry+https://github.com/rust-lang/crates.io-index)" = "d5e1d4b224dfc609b025ea389e6eb9b850ae5814272880d7d75d71acc3d57c88"
"checksum phf_shared 0.7.19 (registry+https://github.com/rust-lang/crates.io-index)" = "9f3d84458c4040eb4b9e626cb551a2dc46d92ea96b1c30331aa9fce9abd2c438"
"checksum png 0.5.2 (registry+https://github.com/rust-lang/crates.io-index)" = "06208e2ee243e3118a55dda9318f821f206d8563fb8d4df258767f8e62bb0997"
"checksum quote 0.3.5 (registry+https://github.com/rust-lang/crates.io-index)" = "ea1e0c9bc6bfb0a60d539aab6e338207c1a5456e62f5bd5375132cee119aa4b3"
"checksum rand 0.3.14 (git+https://github.com/rust-lang-nursery/rand.git)" = "<none>"
"checksum rand 0.3.14 (registry+https://github.com/rust-lang/crates.io-index)" = "2791d88c6defac799c3f20d74f094ca33b9332612d9aef9078519c82e4fe04a5"
"checksum ransid 0.2.0 (registry+https://github.com/rust-lang/crates.io-index)" = "ce0c1b4c0dc24c14bcc71fa373d1bce433ea250691313b0cc1bc73e333a2bda0"
"checksum redox_syscall 0.1.0 (git+https://github.com/redox-os/syscall.git)" = "<none>"
"checksum redox_syscall 0.1.0 (registry+https://github.com/rust-lang/crates.io-index)" = "35a48131ab10dbeb17202bd1dcb9c9798963a58a50c9ec31640f237358832094"
"checksum rustc-serialize 0.3.20 (registry+https://github.com/rust-lang/crates.io-index)" = "0c11e5465fcfde38cd9068f031d9eae19d2530bee91b129fed44f2b122697749"
"checksum rusttype 0.2.1 (registry+https://github.com/rust-lang/crates.io-index)" = "c3c64ffc93b0cc5a6f5e5e84da2a4082b0271e0a1dd76e821bdac570bda7797e"
"checksum sdl2 0.9.1 (registry+https://github.com/rust-lang/crates.io-index)" = "9cf70f3d302b61311856bcbd9c9d000aadc7c595574214335cf09035fdced2c9"
"checksum sdl2-sys 0.6.2 (registry+https://github.com/rust-lang/crates.io-index)" = "657e3a3a175fda33c05d943923a768c7bf94c3b5fad05dcb31fc0321b11f47bd"
"checksum serde 0.8.17 (registry+https://github.com/rust-lang/crates.io-index)" = "784e249221c84265caeb1e2fe48aeada86f67f5acb151bd3903c4585969e43f6"
"checksum stb_truetype 0.2.0 (registry+https://github.com/rust-lang/crates.io-index)" = "a0955c15cfb412f0c4fdfb3d07d2b1915869e472b35646cc3a3a104a8f79517b"
"checksum string_cache 0.3.0 (registry+https://github.com/rust-lang/crates.io-index)" = "c4d192db2123fac37399e1ca61557904a5c3fb6fc24c73d2e47b15d20dc32470"
"checksum string_cache_codegen 0.3.1 (registry+https://github.com/rust-lang/crates.io-index)" = "0c9dfe1a7c8bba1ecb90730d269fdc08afe93d23c28dd6c4aa5cabd79a05a05e"
"checksum string_cache_shared 0.3.0 (registry+https://github.com/rust-lang/crates.io-index)" = "b1884d1bc09741d466d9b14e6d37ac89d6909cbcac41dd9ae982d4d063bbedfc"
"checksum syn 0.9.2 (registry+https://github.com/rust-lang/crates.io-index)" = "76c2db66dc579998854d84ff0ff4a81cb73e69596764d144ce7cece4d04ce6b5"
"checksum tendril 0.2.3 (registry+https://github.com/rust-lang/crates.io-index)" = "cebf864c2d90394a1b66d6fe45963f9a177f2af81a0edea5060f77627f9c4587"
"checksum termion 1.1.3 (registry+https://github.com/rust-lang/crates.io-index)" = "d94a5aea537a27dd9412585d7d77f2c382a2361f2b6a7cf0a6a56ea04aa5b71a"
"checksum unicode-bidi 0.2.3 (registry+https://github.com/rust-lang/crates.io-index)" = "c1f7ceb96afdfeedee42bade65a0d585a6a0106f681b6749c8ff4daa8df30b3f"
"checksum unicode-normalization 0.1.2 (registry+https://github.com/rust-lang/crates.io-index)" = "26643a2f83bac55f1976fb716c10234485f9202dcd65cfbdf9da49867b271172"
"checksum unicode-xid 0.0.3 (registry+https://github.com/rust-lang/crates.io-index)" = "36dff09cafb4ec7c8cf0023eb0b686cb6ce65499116a12201c9e11840ca01beb"
"checksum unreachable 0.1.1 (registry+https://github.com/rust-lang/crates.io-index)" = "1f2ae5ddb18e1c92664717616dd9549dde73f539f01bd7b77c2edb2446bdff91"
"checksum url 1.2.3 (git+https://github.com/redox-os/rust-url?branch=redox)" = "<none>"
"checksum userutils 0.1.0 (git+https://github.com/redox-os/userutils.git)" = "<none>"
"checksum utf-8 0.6.0 (registry+https://github.com/rust-lang/crates.io-index)" = "a9aee9ba280438b56d1ebc5329f2094f0ff457f811eeeff0b278d75aa99db400"
"checksum void 1.0.2 (registry+https://github.com/rust-lang/crates.io-index)" = "6a02e4885ed3bc0f2de90ea6dd45ebcbb66dacffe03547fadbb0eeae2770887d"
